github.com/as/edit v0.6.14 h1:wXcwP9taDD3UlRvNMFjSM2u3GoszZ/sqoMXvVTYPsnA=
github.com/as/edit v0.6.14/go.mod h1:HuYiDiO165PKAwEw4aXzwova1ctQgNQWcxj7iah42DE=
github.com/as/event v0.6.8 h1:C8DNG/jIvoxTk9YfA2SHgUzVBbL60kHkXI65F5rZY2U=
github.com/as/event v0.6.8/go.mod h1:OvgTv7MB0NPVOX9wpYMD3aMBZe+6sXG0I0b+eFwwJlE=
github.com/as/io v0.1.0 h1:NO/F8TabHs05XDMxqnDD4OuDV4zLsogLPbb7gmPIBxM=
github.com/as/io v0.1.0/go.mod h1:9XeOiJPOJ6+M8bO9td0Y1SvcpE57AXOZAIAOOc8v3Zg=
github.com/as/text v0.7.0 h1:4X7cvJgFPsw03aNndRuO6gz67Lvla0Gdhajma2R3RgM=
github.com/as/text v0.7.0/go.mod h1:0JXreN+qG8LD6B3FFm8ggTMbHS4Smb2bxxO0aJx6sjI=
github.com/as/worm v0.6.7 h1:hKVHgieFhwIGBslbCMB3AQEKdJRt/5CAwyJT8Y3rTSE=
github.com/as/worm v0.6.7/go.mod h1:wWuwCWTJ0B1JslXM5vuFtKcgvhFeK5oC6SqYMka5DLQ=
github.com/davecgh/go-spew v1.1.0/go.mod h1:J7Y8YcW2NihsgmVo/mv3lAwl/skON4iLHjSsI+c5H38=
github.com/davecgh/go-spew v1.1.1/go.mod h1:J7Y8YcW2NihsgmVo/mv3lAwl/skON4iLHjSsI+c5H38=
github.com/fmpwizard/go-quilljs-delta v0.0.5 h1:2wg/DMnMjKPj7XoYEEx+o2oMP06wRpdOOztB4gGbWHc=
github.com/fmpwizard/go-quilljs-delta v0.0.5/go.mod h1:Q2EU2WOJzGHYDsxbViucwv5MWPo+wvIMTUZ3jDpjTvQ=
github.com/fmpwizard/go-quilljs-delta v0.0.6-0.20190628042138-9bdce66302c2 h1:pt0FHVcUK0OmTBBAFwsoJZ17PyAJaaFZaEwSdmO5Ijc=
github.com/fmpwizard/go-quilljs-delta v0.0.6-0.20190628042138-9bdce66302c2/go.mod h1:d4EKHdY/a4cqi3IUCuhqnEu1ByifoE6knftri8ngy6k=
github.com/kr/pretty v0.1.0/go.mod h1:dAy3ld7l9f0ibDNOQOHHMYYIIbhfbHSm3C4ZsoJORNo=
github.com/kr/pty v1.1.1/go.mod h1:pFQYn66WHrOpPYNljwOMqo10TkYh1fy3cYio2l3bCsQ=
github.com/kr/text v0.1.0/go.mod h1:4Jbv+DJW3UT/LiOwJeYQe1efqtUx/iVham/4vfdArNI=
github.com/pmezard/go-difflib v1.0.0/go.mod h1:iKH77koFhYxTK1pcRnkKkqfTogsbg7gZNVY4sRDYZ/4=
github.com/sergi/go-diff v1.1.0 h1:we8PVUC3FE2uYfodKH/nBHMSetSfHDR6scGdBi+erh0=
github.com/sergi/go-diff v1.1.0/go.mod h1:STckp+ISIX8hZLjrqAeVduY0gWCT9IjLuqbuNXdaHfM=
github.com/stretchr/objx v0.1.0/go.mod h1:HFkY916IF+rwdDfMAkV7OtwuqBVzrE8GR6GFx+wExME=
github.com/stretchr/testify v1.4.0/go.mod h1:j7eGeouHqKxXV5pUuKE4zz7dFj8WfuZ+81PSLYec5m4=
gopkg.in/check.v1 v0.0.0-20161208181325-20d25e280405/go.mod h1:Co6ibVJAznAaIkqp8huTwlJQCZ016jof/cbN4VW5Yz0=
gopkg.in/check.v1 v1.0.0-20190902080502-41f04d3bba15/go.mod h1:Co6ibVJAznAaIkqp8huTwlJQCZ016jof/cbN4VW5Yz0=
gopkg.in/yaml.v2 v2.2.2/go.mod h1:hI93XBmqTisBFMUTm0b8Fm+jr3Dg1NNxqwp+5A1VGuI=
gopkg.in/yaml.v2 v2.2.4/go.mod h1:hI93XBmqTisBFMUTm0b8Fm+jr3Dg1NNxqwp+5A1VGuI=
